[[package]]
name = "beartype"
version = "0.11.0"
requires_python = ">=3.7.0"
summary = "Unbearably fast runtime type checking in pure Python."

[[package]]
name = "certifi"
version = "2022.12.7"
requires_python = ">=3.6"
summary = "Python package for providing Mozilla's CA Bundle."

[[package]]
name = "charset-normalizer"
version = "2.1.1"
requires_python = ">=3.6.0"
summary = "The Real First Universal Charset Detector. Open, modern and actively maintained alternative to Chardet."

[[package]]
name = "colorama"
version = "0.4.6"
requires_python = "!=3.0.*,!=3.1.*,!=3.2.*,!=3.3.*,!=3.4.*,!=3.5.*,!=3.6.*,>=2.7"
summary = "Cross-platform colored terminal text."

[[package]]
name = "flet"
version = "0.2.4"
requires_python = ">=3.7"
summary = "Flet for Python - easily build interactive multi-platform apps in Python"
dependencies = [
    "beartype>=0.9.1",
    "oauthlib>=3.2.0",
    "repath>=0.9.0",
    "requests>=2.28.1",
    "watchdog>=2.1.9",
    "websocket-client>=1.2.1",
]

[[package]]
name = "idna"
version = "3.4"
requires_python = ">=3.5"
summary = "Internationalized Domain Names in Applications (IDNA)"

[[package]]
name = "loguru"
version = "0.6.0"
requires_python = ">=3.5"
summary = "Python logging made (stupidly) simple"
dependencies = [
    "colorama>=0.3.4; sys_platform == \"win32\"",
    "win32-setctime>=1.0.0; sys_platform == \"win32\"",
]

[[package]]
name = "oauthlib"
version = "3.2.2"
requires_python = ">=3.6"
summary = "A generic, spec-compliant, thorough implementation of the OAuth request-signing logic"

[[package]]
name = "pillow"
version = "9.3.0"
requires_python = ">=3.7"
summary = "Python Imaging Library (Fork)"

[[package]]
name = "pyee"
version = "9.0.4"
summary = "A port of node.js's EventEmitter to python."
dependencies = [
    "typing-extensions",
]

[[package]]
name = "pyperclip"
version = "1.8.2"
summary = "A cross-platform clipboard module for Python. (Only handles plain text for now.)"

[[package]]
name = "qrcode"
version = "7.3.1"
requires_python = ">=3.6"
summary = "QR Code image generator"
dependencies = [
    "colorama; platform_system == \"Windows\"",
]

[[package]]
name = "repath"
version = "0.9.0"
summary = "Generate regular expressions form ExpressJS path patterns"
dependencies = [
    "six>=1.9.0",
]

[[package]]
name = "requests"
version = "2.28.1"
requires_python = ">=3.7, <4"
summary = "Python HTTP for Humans."
dependencies = [
    "certifi>=2017.4.17",
    "charset-normalizer<3,>=2",
    "idna<4,>=2.5",
    "urllib3<1.27,>=1.21.1",
]

[[package]]
name = "setuptools"
version = "65.6.3"
requires_python = ">=3.7"
summary = "Easily download, build, install, upgrade, and uninstall Python packages"

[[package]]
name = "six"
version = "1.16.0"
requires_python = ">=2.7, !=3.0.*, !=3.1.*, !=3.2.*"
summary = "Python 2 and 3 compatibility utilities"

[[package]]
name = "typing-extensions"
version = "4.4.0"
requires_python = ">=3.7"
summary = "Backported and Experimental Type Hints for Python 3.7+"

[[package]]
name = "urllib3"
version = "1.26.13"
requires_python = ">=2.7, !=3.0.*, !=3.1.*, !=3.2.*, !=3.3.*, !=3.4.*, !=3.5.*"
summary = "HTTP library with thread-safe connection pooling, file post, and more."

[[package]]
name = "watchdog"
version = "2.2.0"
requires_python = ">=3.6"
summary = "Filesystem events monitoring"

[[package]]
name = "websocket-client"
version = "1.4.2"
requires_python = ">=3.7"
summary = "WebSocket client for Python with low level API options"

[[package]]
name = "wheel"
version = "0.38.4"
requires_python = ">=3.7"
summary = "A built-package format for Python"

[[package]]
name = "win32-setctime"
version = "1.1.0"
requires_python = ">=3.5"
summary = "A small Python utility to set file creation time on Windows"

[metadata]
lock_version = "4.1"
content_hash = "sha256:22e8a45900c3b864d3f0d8337e15e7bc7c4fce82986af86c200853924580752b"

[metadata.files]
"beartype 0.11.0" = [
    {url = "https://pypi.tuna.tsinghua.edu.cn/packages/b3/7c/0c6451ff5477cf6f3ac5101cafd084e43e3a29242d28f2056cad76ff03e9/beartype-0.11.0.tar.gz", hash = "sha256:3854b50eaaa98bb89490be57e73c69c777a0f304574e7043ac7da98ac6a735a6"},
    {url = "https://pypi.tuna.tsinghua.edu.cn/packages/ca/e7/bd684b9b0d5f8db8bedb7e031940df872aa79b42825e26469bc36013536f/beartype-0.11.0-py3-none-any.whl", hash = "sha256:d1ed5f97edebe909385190fac95ef9af3daf233eb1a5cd08b88b0d8260708ad7"},
]
"certifi 2022.12.7" = [
    {url = "https://pypi.tuna.tsinghua.edu.cn/packages/37/f7/2b1b0ec44fdc30a3d31dfebe52226be9ddc40cd6c0f34ffc8923ba423b69/certifi-2022.12.7.tar.gz", hash = "sha256:35824b4c3a97115964b408844d64aa14db1cc518f6562e8d7261699d1350a9e3"},
    {url = "https://pypi.tuna.tsinghua.edu.cn/packages/71/4c/3db2b8021bd6f2f0ceb0e088d6b2d49147671f25832fb17970e9b583d742/certifi-2022.12.7-py3-none-any.whl", hash = "sha256:4ad3232f5e926d6718ec31cfc1fcadfde020920e278684144551c91769c7bc18"},
]
"charset-normalizer 2.1.1" = [
    {url = "https://pypi.tuna.tsinghua.edu.cn/packages/a1/34/44964211e5410b051e4b8d2869c470ae8a68ae274953b1c7de6d98bbcf94/charset-normalizer-2.1.1.tar.gz", hash = "sha256:5a3d016c7c547f69d6f81fb0db9449ce888b418b5b9952cc5e6e66843e9dd845"},
    {url = "https://pypi.tuna.tsinghua.edu.cn/packages/db/51/a507c856293ab05cdc1db77ff4bc1268ddd39f29e7dc4919aa497f0adbec/charset_normalizer-2.1.1-py3-none-any.whl", hash = "sha256:83e9a75d1911279afd89352c68b45348559d1fc0506b054b346651b5e7fee29f"},
]
"colorama 0.4.6" = [
    {url = "https://pypi.tuna.tsinghua.edu.cn/packages/d1/d6/3965ed04c63042e047cb6a3e6ed1a63a35087b6a609aa3a15ed8ac56c221/colorama-0.4.6-py2.py3-none-any.whl", hash = "sha256:4f1d9991f5acc0ca119f9d443620b77f9d6b33703e51011c16baf57afb285fc6"},
    {url = "https://pypi.tuna.tsinghua.edu.cn/packages/d8/53/6f443c9a4a8358a93a6792e2acffb9d9d5cb0a5cfd8802644b7b1c9a02e4/colorama-0.4.6.tar.gz", hash = "sha256:08695f5cb7ed6e0531a20572697297273c47b8cae5a63ffc6d6ed5c201be6e44"},
]
"flet 0.2.4" = [
    {url = "https://pypi.tuna.tsinghua.edu.cn/packages/0a/13/6b0df3fb371b2c86f5cc268c9dd4988bc76e33b8b0acd1c3f8d9aa276560/flet-0.2.4-py3-none-win32.whl", hash = "sha256:79bc2fedad882b7bd458107deaa1b076469d245e83a0598bfd6fa696d013bcd7"},
    {url = "https://pypi.tuna.tsinghua.edu.cn/packages/26/fd/c3658450d4679a5613ae291f26900e1a93896b98fec28a3eff988707fd4b/flet-0.2.4-py3-none-manylinux_2_17_armv7l.manylinux2014_armv7l.whl", hash = "sha256:013930acff2121c519fe5397f66d1abe18e4f077e61d51197b279c63402d94e1"},
    {url = "https://pypi.tuna.tsinghua.edu.cn/packages/28/4a/0dc918c04f8aae9cdce7e1705f3dd84e4a6bd888444373a004e2b9e52bc5/flet-0.2.4-py3-none-musllinux_1_2_x86_64.whl", hash = "sha256:48f27865f07c2a31d11dafc9ccaab7b6f34f67ff4e19852b52093c12bfb557fd"},
    {url = "https://pypi.tuna.tsinghua.edu.cn/packages/31/93/ddfc497dc16708dd334afd71010072b0d94e4a8f99fbb8867670c2e9dd15/flet-0.2.4-py3-none-manylinux_2_17_aarch64.manylinux2014_aarch64.whl", hash = "sha256:84572a256d4a6aaaa3c7931e1bc95e0c40e6ed041db73ff3cc0a1297a6970c36"},
    {url = "https://pypi.tuna.tsinghua.edu.cn/packages/51/37/6048f95c3c082b6d8c8c2c16cd9786ed2b7421c8f632361f0e08d0003ff8/flet-0.2.4-py3-none-manylinux_2_17_x86_64.manylinux2014_x86_64.whl", hash = "sha256:ad338d2e2bd4d2170a6a3818c0cbc74763e283c6d38159c2b29a1777a1ae5df4"},
    {url = "https://pypi.tuna.tsinghua.edu.cn/packages/95/ac/5f4b2a95cbd77e28572fce3f6cad428285d5d24a2969d80500a35530b479/flet-0.2.4-py3-none-any.whl", hash = "sha256:b372a6ba7960431e9e1acba4a8d5cf6500910b754b8d150fe63d1c935552ce56"},
    {url = "https://pypi.tuna.tsinghua.edu.cn/packages/9b/ae/daf6841842f016b9530e9c8d332a87b663f91511fd9afbc609dd3b09d939/flet-0.2.4.tar.gz", hash = "sha256:2b92622d5cf77868c34931fb287891bad08680387f73f54b4084759bae8b6eeb"},
    {url = "https://pypi.tuna.tsinghua.edu.cn/packages/c1/7a/031ade4f3d170d4ecea0217f70e0a84c4dff075ac9cf5b3498968b4174fd/flet-0.2.4-py3-none-macosx_10_14_x86_64.whl", hash = "sha256:04bc174281f26b5c9df196c94c4666b20817a4cff84f5c972dbaf3e72606389e"},
    {url = "https://pypi.tuna.tsinghua.edu.cn/packages/c7/7b/cd8099b8d12afb64c8a9200eb67f5937b5ba966408a38bc240aa2be7d89a/flet-0.2.4-py3-none-macosx_12_0_arm64.whl", hash = "sha256:956d05e2e5d3f03af19f886f2d7c9be6a7ae2bb7b7373e5ab1a10dd325275877"},
    {url = "https://pypi.tuna.tsinghua.edu.cn/packages/d2/87/c82bb9c1e1f844997371b191ed330740f20d625e4c9cef0f46aef3a15f04/flet-0.2.4-py3-none-win_amd64.whl", hash = "sha256:250c59f35263bd6f20e2412d4cde5979de0c4fd46d858d8de359bfb344d4c9f8"},
]
"idna 3.4" = [
    {url = "https://pypi.tuna.tsinghua.edu.cn/packages/8b/e1/43beb3d38dba6cb420cefa297822eac205a277ab43e5ba5d5c46faf96438/idna-3.4.tar.gz", hash = "sha256:814f528e8dead7d329833b91c5faa87d60bf71824cd12a7530b5526063d02cb4"},
    {url = "https://pypi.tuna.tsinghua.edu.cn/packages/fc/34/3030de6f1370931b9dbb4dad48f6ab1015ab1d32447850b9fc94e60097be/idna-3.4-py3-none-any.whl", hash = "sha256:90b77e79eaa3eba6de819a0c442c0b4ceefc341a7a2ab77d7562bf49f425c5c2"},
]
"loguru 0.6.0" = [
    {url = "https://pypi.tuna.tsinghua.edu.cn/packages/75/1f/d3818863e4be96bd641c4643c535a98f0fa2a12efa7c8ba35f763fa778ee/loguru-0.6.0.tar.gz", hash = "sha256:066bd06758d0a513e9836fd9c6b5a75bfb3fd36841f4b996bc60b547a309d41c"},
    {url = "https://pypi.tuna.tsinghua.edu.cn/packages/fe/21/e1d1da2586865a159fc73b611f36bdd50b6c4043cb6132d3d5e972988028/loguru-0.6.0-py3-none-any.whl", hash = "sha256:4e2414d534a2ab57573365b3e6d0234dfb1d84b68b7f3b948e6fb743860a77c3"},
]
"oauthlib 3.2.2" = [
    {url = "https://pypi.tuna.tsinghua.edu.cn/packages/6d/fa/fbf4001037904031639e6bfbfc02badfc7e12f137a8afa254df6c4c8a670/oauthlib-3.2.2.tar.gz", hash = "sha256:9859c40929662bec5d64f34d01c99e093149682a3f38915dc0655d5a633dd918"},
    {url = "https://pypi.tuna.tsinghua.edu.cn/packages/7e/80/cab10959dc1faead58dc8384a781dfbf93cb4d33d50988f7a69f1b7c9bbe/oauthlib-3.2.2-py3-none-any.whl", hash = "sha256:8139f29aac13e25d502680e9e19963e83f16838d48a0d71c287fe40e7067fbca"},
]
"pillow 9.3.0" = [
    {url = "https://pypi.tuna.tsinghua.edu.cn/packages/00/73/000575ca7b7635ecd4075e71925b71f2648300d725b6c9a1f969fe2d5a87/Pillow-9.3.0-cp37-cp37m-macosx_10_10_x86_64.whl", hash = "sha256:772a91fc0e03eaf922c63badeca75e91baa80fe2f5f87bdaed4280662aad25c9"},
    {url = "https://pypi.tuna.tsinghua.edu.cn/packages/06/2f/c17a2d559009b875f7da804a3a4e0f47baca6df2dfedb29a1df641c51e1a/Pillow-9.3.0-pp38-pypy38_pp73-manylinux_2_17_i686.manylinux2014_i686.whl", hash = "sha256:12ce4932caf2ddf3e41d17fc9c02d67126935a44b86df6a206cf0d7161548627"},
    {url = "https://pypi.tuna.tsinghua.edu.cn/packages/0d/87/f696d8464c949c5a7ac133c8b7297a4243e0319fd29ae3a90b4ac90f0a5b/Pillow-9.3.0-cp311-cp311-macosx_11_0_arm64.whl", hash = "sha256:7db8b751ad307d7cf238f02101e8e36a128a6cb199326e867d1398067381bff4"},
    {url = "https://pypi.tuna.tsinghua.edu.cn/packages/15/13/232be66adb8482f0636b3f3e254d9e18d7093bd1848b3610ffaf72717924/Pillow-9.3.0-cp310-cp310-manylinux_2_28_aarch64.whl", hash = "sha256:829f97c8e258593b9daa80638aee3789b7df9da5cf1336035016d76f03b8860c"},
    {url = "https://pypi.tuna.tsinghua.edu.cn/packages/16/11/da8d395299ca166aa56d9436e26fe8440e5443471de16ccd9a1d06f5993a/Pillow-9.3.0.tar.gz", hash = "sha256:c935a22a557a560108d780f9a0fc426dd7459940dc54faa49d83249c8d3e760f"},
    {url = "https://pypi.tuna.tsinghua.edu.cn/packages/1d/15/054644ecbed79d3af017a56eaabd13bf712b21c3a667b8a67a335174f4b7/Pillow-9.3.0-cp311-cp311-musllinux_1_1_x86_64.whl", hash = "sha256:89dca0ce00a2b49024df6325925555d406b14aa3efc2f752dbb5940c52c56b11"},
    {url = "https://pypi.tuna.tsinghua.edu.cn/packages/23/b3/20f97e1bacd02b89953b50b2502be1b10e01d36a0618fb197e4a055e50f4/Pillow-9.3.0-cp310-cp310-manylinux_2_17_aarch64.manylinux2014_aarch64.whl", hash = "sha256:68943d632f1f9e3dce98908e873b3a090f6cba1cbb1b892a9e8d97c938871fbe"},
    {url = "https://pypi.tuna.tsinghua.edu.cn/packages/26/d6/9355d59a2ee9406e4d5129ff0ff99835e7f6adb6133815fab2099e1879b5/Pillow-9.3.0-cp310-cp310-macosx_10_10_x86_64.whl", hash = "sha256:0b7257127d646ff8676ec8a15520013a698d1fdc48bc2a79ba4e53df792526f2"},
    {url = "https://pypi.tuna.tsinghua.edu.cn/packages/2c/3d/36cd1f6c04ab30ab7e6bc8d17a4337fc29fa5b35ebd4c520d916ce7e39e6/Pillow-9.3.0-cp38-cp38-macosx_10_10_x86_64.whl", hash = "sha256:b03ae6f1a1878233ac620c98f3459f79fd77c7e3c2b20d460284e1fb370557d4"},
    {url = "https://pypi.tuna.tsinghua.edu.cn/packages/2c/74/109e3d1fd2847c19c556fe4ce9b3f4aac2147b56c7b5d0924ae9586d2a47/Pillow-9.3.0-cp311-cp311-manylinux_2_17_x86_64.manylinux2014_x86_64.whl", hash = "sha256:b9a65733d103311331875c1dca05cb4606997fd33d6acfed695b1232ba1df193"},
    {url = "https://pypi.tuna.tsinghua.edu.cn/packages/2e/c8/03495501bb9beabf34979781b14cc625f39cbd8ff5310a93a85e45987590/Pillow-9.3.0-cp38-cp38-macosx_11_0_arm64.whl", hash = "sha256:4390e9ce199fc1951fcfa65795f239a8a4944117b5935a9317fb320e7767b40f"},
    {url = "https://pypi.tuna.tsinghua.edu.cn/packages/2f/73/ec6b3e3f6b311cf1468eafc92a890f690a2cacac0cfd0f1bcc2b891d1334/Pillow-9.3.0-cp39-cp39-manylinux_2_17_x86_64.manylinux2014_x86_64.whl", hash = "sha256:af0372acb5d3598f36ec0914deed2a63f6bcdb7b606da04dc19a88d31bf0c05b"},
    {url = "https://pypi.tuna.tsinghua.edu.cn/packages/39/5e/585dfbe0eb4660ea3ee082289625f94e402239282458c4bf78ecc84fbb93/Pillow-9.3.0-cp38-cp38-manylinux_2_17_aarch64.manylinux2014_aarch64.whl", hash = "sha256:40e1ce476a7804b0fb74bcfa80b0a2206ea6a882938eaba917f7a0f004b42502"},
    {url = "https://pypi.tuna.tsinghua.edu.cn/packages/40/57/c8695a77561a83bd39eba30daf4d894b0b910aad55e2b60f0ef1b1b5205c/Pillow-9.3.0-cp310-cp310-win_amd64.whl", hash = "sha256:9f47eabcd2ded7698106b05c2c338672d16a6f2a485e74481f524e2a23c2794b"},
    {url = "https://pypi.tuna.tsinghua.edu.cn/packages/41/e9/7bae68c360de8d1e7e32aeab252c6dc9336c0d779c9ad5e24ce475d523fd/Pillow-9.3.0-pp37-pypy37_pp73-macosx_10_10_x86_64.whl", hash = "sha256:ab388aaa3f6ce52ac1cb8e122c4bd46657c15905904b3120a6248b5b8b0bc228"},
    {url = "https://pypi.tuna.tsinghua.edu.cn/packages/47/b2/6e5fc952713bfee71c5e25e7917b18207b6f445d81746008b14d9c80a91b/Pillow-9.3.0-cp38-cp38-manylinux_2_28_aarch64.whl", hash = "sha256:15c42fb9dea42465dfd902fb0ecf584b8848ceb28b41ee2b58f866411be33f07"},
    {url = "https://pypi.tuna.tsinghua.edu.cn/packages/48/92/820b43fcb333fe7f4cf726ed3c0cfcfd062f65b8fd23c0e6972a6107f440/Pillow-9.3.0-pp38-pypy38_pp73-macosx_10_10_x86_64.whl", hash = "sha256:b59430236b8e58840a0dfb4099a0e8717ffb779c952426a69ae435ca1f57210c"},
    {url = "https://pypi.tuna.tsinghua.edu.cn/packages/4b/f9/2fa7d6cce0b9867ec3917878d03d5298d7a88522ed7dadc6cac4642bce8b/Pillow-9.3.0-pp37-pypy37_pp73-manylinux_2_17_x86_64.manylinux2014_x86_64.whl", hash = "sha256:bca31dd6014cb8b0b2db1e46081b0ca7d936f856da3b39744aef499db5d84d02"},
    {url = "https://pypi.tuna.tsinghua.edu.cn/packages/4e/8c/84131e85d4ebd600a823fad1707157d55055a7ea80ce6c8c2f6e2de93f2c/Pillow-9.3.0-cp38-cp38-manylinux_2_17_i686.manylinux2014_i686.whl", hash = "sha256:a0a06a052c5f37b4ed81c613a455a81f9a3a69429b4fd7bb913c3fa98abefc20"},
    {url = "https://pypi.tuna.tsinghua.edu.cn/packages/56/02/2c8fde18b251c6ce2061b23b4fa04f3e71d386c725a09753bad19649e1b1/Pillow-9.3.0-cp38-cp38-manylinux_2_28_x86_64.whl", hash = "sha256:51e0e543a33ed92db9f5ef69a0356e0b1a7a6b6a71b80df99f1d181ae5875636"},
    {url = "https://pypi.tuna.tsinghua.edu.cn/packages/5b/48/1e4437f90c0531c0a8f5c5b1e793e0f234fe8203019de04001213b4fb38e/Pillow-9.3.0-cp311-cp311-manylinux_2_28_x86_64.whl", hash = "sha256:90fb88843d3902fe7c9586d439d1e8c05258f41da473952aa8b328d8b907498c"},
    {url = "https://pypi.tuna.tsinghua.edu.cn/packages/5f/1e/8a26e1ff2064b665f3923a727cb9240919cdcdce303e4800729635aefc40/Pillow-9.3.0-cp39-cp39-manylinux_2_17_i686.manylinux2014_i686.whl", hash = "sha256:b0915e734b33a474d76c28e07292f196cdf2a590a0d25bcc06e64e545f2d146c"},
    {url = "https://pypi.tuna.tsinghua.edu.cn/packages/5f/71/ad106c6e3a28f7ff81b2e172a05c158181b61de2a6292896355f0e50f46c/Pillow-9.3.0-pp37-pypy37_pp73-manylinux_2_28_x86_64.whl", hash = "sha256:c7025dce65566eb6e89f56c9509d4f628fddcedb131d9465cacd3d8bac337e7e"},
    {url = "https://pypi.tuna.tsinghua.edu.cn/packages/6c/a8/3cb2d902c4094b6ad06f069b937c2696fd47c5fc02da107e33470f468534/Pillow-9.3.0-cp38-cp38-musllinux_1_1_x86_64.whl", hash = "sha256:3dd6caf940756101205dffc5367babf288a30043d35f80936f9bfb37f8355b32"},
    {url = "https://pypi.tuna.tsinghua.edu.cn/packages/6d/d2/610687610050eb3ce0ebdd0a3f87d4bb3f1637a89f9fe00060a080a167da/Pillow-9.3.0-1-cp37-cp37m-win32.whl", hash = "sha256:e6ea6b856a74d560d9326c0f5895ef8050126acfdc7ca08ad703eb0081e82b74"},
    {url = "https://pypi.tuna.tsinghua.edu.cn/packages/6f/64/3acfbffd532ec2e82f69d4f22de9c29197540ae61926f5b7072654281e91/Pillow-9.3.0-cp37-cp37m-manylinux_2_17_aarch64.manylinux2014_aarch64.whl", hash = "sha256:afa4107d1b306cdf8953edde0534562607fe8811b6c4d9a486298ad31de733b2"},
    {url = "https://pypi.tuna.tsinghua.edu.cn/packages/77/56/bb8dc927b3c44df0ca938b4a17b08c59ef5e1e7cc06300bddf20d4e2935f/Pillow-9.3.0-cp38-cp38-win_amd64.whl", hash = "sha256:276a5ca930c913f714e372b2591a22c4bd3b81a418c0f6635ba832daec1cbcfc"},
    {url = "https://pypi.tuna.tsinghua.edu.cn/packages/78/8c/ae0c7cfb6cae4eb0946b7369258f78e3104c22eeffda45ad6228bc0838f5/Pillow-9.3.0-cp311-cp311-manylinux_2_17_aarch64.manylinux2014_aarch64.whl", hash = "sha256:3033fbe1feb1b59394615a1cafaee85e49d01b51d54de0cbf6aa8e64182518a1"},
    {url = "https://pypi.tuna.tsinghua.edu.cn/packages/88/9f/012551c5a9d8b4d0304b66d16119b9c79bac052e0b0bd37de29b64c1bf0c/Pillow-9.3.0-pp38-pypy38_pp73-win_amd64.whl", hash = "sha256:073adb2ae23431d3b9bcbcff3fe698b62ed47211d0716b067385538a1b0f28b8"},
    {url = "https://pypi.tuna.tsinghua.edu.cn/packages/8a/e8/124718316b3f4f9fa24e4b7e915d8e02d58d43a5e3c44fcbceef17d60647/Pillow-9.3.0-cp310-cp310-macosx_11_0_arm64.whl", hash = "sha256:b90f7616ea170e92820775ed47e136208e04c967271c9ef615b6fbd08d9af0e3"},
    {url = "https://pypi.tuna.tsinghua.edu.cn/packages/a0/6c/6e11abff7f944b51dbeea1bdfe14ad21976858e822ef667fa4eb82ec6f7c/Pillow-9.3.0-cp37-cp37m-win_amd64.whl", hash = "sha256:41e0051336807468be450d52b8edd12ac60bebaa97fe10c8b660f116e50b30e4"},
    {url = "https://pypi.tuna.tsinghua.edu.cn/packages/a1/81/10f4f9665ce366c7501141c973c755cd5c9ebe577886ebfa7ca3e9a115f0/Pillow-9.3.0-cp38-cp38-win32.whl", hash = "sha256:f1ff2ee69f10f13a9596480335f406dd1f70c3650349e2be67ca3139280cade0"},
    {url = "https://pypi.tuna.tsinghua.edu.cn/packages/a7/9e/8acd4d170596fa876b0baaae3542de3b6d0a709b4652ce78285aff59e849/Pillow-9.3.0-cp37-cp37m-win32.whl", hash = "sha256:82409ffe29d70fd733ff3c1025a602abb3e67405d41b9403b00b01debc4c9a29"},
    {url = "https://pypi.tuna.tsinghua.edu.cn/packages/ac/0b/cb7ecd88cea2422818057db720966bbb56bbcec3b359f4a5cafdf737d9e5/Pillow-9.3.0-cp39-cp39-musllinux_1_1_x86_64.whl", hash = "sha256:9aaa107275d8527e9d6e7670b64aabaaa36e5b6bd71a1015ddd21da0d4e06448"},
    {url = "https://pypi.tuna.tsinghua.edu.cn/packages/af/7f/c5f7a35fd7053a4aee79c41fc4b125281745577c6ce3445e57ed8b4eff56/Pillow-9.3.0-cp39-cp39-manylinux_2_17_aarch64.manylinux2014_aarch64.whl", hash = "sha256:2e0918e03aa0c72ea56edbb00d4d664294815aa11291a11504a377ea018330d3"},
    {url = "https://pypi.tuna.tsinghua.edu.cn/packages/b7/34/7a88f5ec5f26ac68d3d7a158c67c0a610a4e6b6d22c35266d0e715485b09/Pillow-9.3.0-cp37-cp37m-manylinux_2_28_aarch64.whl", hash = "sha256:6c738585d7a9961d8c2821a1eb3dcb978d14e238be3d70f0a706f7fa9316946b"},
    {url = "https://pypi.tuna.tsinghua.edu.cn/packages/b9/b8/3e2c23766019a9a03ee26ac6b7af9392aba8574806ce10e5074733987240/Pillow-9.3.0-cp39-cp39-macosx_11_0_arm64.whl", hash = "sha256:1c7c8ae3864846fc95f4611c78129301e203aaa2af813b703c55d10cc1628535"},
    {url = "https://pypi.tuna.tsinghua.edu.cn/packages/bb/0e/83dd785dff8d62b4d663391ac62390ffadfcdfa4bd11959742f90d02127c/Pillow-9.3.0-cp39-cp39-win32.whl", hash = "sha256:bac18ab8d2d1e6b4ce25e3424f709aceef668347db8637c2296bcf41acb7cf48"},
    {url = "https://pypi.tuna.tsinghua.edu.cn/packages/bc/28/0bcf18f0c22cd89626ee2e071edbe5736d54f9031fe986ae94389776864b/Pillow-9.3.0-cp310-cp310-win32.whl", hash = "sha256:655a83b0058ba47c7c52e4e2df5ecf484c1b0b0349805896dd350cbc416bdd91"},
    {url = "https://pypi.tuna.tsinghua.edu.cn/packages/be/3e/a757fd2fdd5814aa0e9e1e838f79d33e0098e10a2e3afb7acdcb72278290/Pillow-9.3.0-cp38-cp38-manylinux_2_17_x86_64.manylinux2014_x86_64.whl", hash = "sha256:03150abd92771742d4a8cd6f2fa6246d847dcd2e332a18d0c15cc75bf6703040"},
    {url = "https://pypi.tuna.tsinghua.edu.cn/packages/c0/47/4023dab2d77ea3f687939770b06e0c191b4a5a20590f158a6e8dbb03e357/Pillow-9.3.0-cp37-cp37m-manylinux_2_17_x86_64.manylinux2014_x86_64.whl", hash = "sha256:77ec3e7be99629898c9a6d24a09de089fa5356ee408cdffffe62d67bb75fdd72"},
    {url = "https://pypi.tuna.tsinghua.edu.cn/packages/c0/8f/dfa473f3a6241bff91ae8bb905bd0afceb827f37de2917a94b5c4b1112bf/Pillow-9.3.0-cp39-cp39-win_amd64.whl", hash = "sha256:b472b5ea442148d1c3e2209f20f1e0bb0eb556538690fa70b5e1f79fa0ba8dc2"},
    {url = "https://pypi.tuna.tsinghua.edu.cn/packages/c1/c3/be8222fce0553e05264bfe66f2cc73483567b961f144acef88753fba9c6c/Pillow-9.3.0-cp310-cp310-manylinux_2_17_x86_64.manylinux2014_x86_64.whl", hash = "sha256:5d77adcd56a42d00cc1be30843d3426aa4e660cab4a61021dc84467123f7a00c"},
    {url = "https://pypi.tuna.tsinghua.edu.cn/packages/c2/1d/5d0fd887bb790a42a9efb7fe742358f1eae332ee3120a7d4f79ee37358c9/Pillow-9.3.0-cp311-cp311-macosx_10_10_x86_64.whl", hash = "sha256:57751894f6618fd4308ed8e0c36c333e2f5469744c34729a27532b3db106ee20"},
    {url = "https://pypi.tuna.tsinghua.edu.cn/packages/c8/7c/f5fe5b37b6a8f2218db98f33d2278f2900e0fc4ef019cd4d9e522d6e3206/Pillow-9.3.0-pp38-pypy38_pp73-manylinux_2_17_x86_64.manylinux2014_x86_64.whl", hash = "sha256:ae5331c23ce118c53b172fa64a4c037eb83c9165aba3a7ba9ddd3ec9fa64a699"},
    {url = "https://pypi.tuna.tsinghua.edu.cn/packages/c9/b8/27c526c45f482450a53c0faab6c0c4baf9cddee0a8f879a8526f7dd8adf0/Pillow-9.3.0-cp37-cp37m-manylinux_2_28_x86_64.whl", hash = "sha256:828989c45c245518065a110434246c44a56a8b2b2f6347d1409c787e6e4651ee"},
    {url = "https://pypi.tuna.tsinghua.edu.cn/packages/ca/97/9677bf1d97c408779e5940b89675e38a8ebe8bcc9dbae8adfc9e7080a314/Pillow-9.3.0-cp39-cp39-macosx_10_10_x86_64.whl", hash = "sha256:73bd195e43f3fadecfc50c682f5055ec32ee2c933243cafbfdec69ab1aa87cad"},
    {url = "https://pypi.tuna.tsinghua.edu.cn/packages/cf/22/fed65d07e5e7b19cc608754e940a9b101bebe78cb6cd9d764639717848a4/Pillow-9.3.0-pp37-pypy37_pp73-win_amd64.whl", hash = "sha256:ebf2029c1f464c59b8bdbe5143c79fa2045a581ac53679733d3a91d400ff9efb"},
    {url = "https://pypi.tuna.tsinghua.edu.cn/packages/d0/ae/b5e8750a7e745926e2227a43766d905c8c6a0f03739c7aec5aea9e975355/Pillow-9.3.0-cp310-cp310-musllinux_1_1_x86_64.whl", hash = "sha256:871b72c3643e516db4ecf20efe735deb27fe30ca17800e661d769faab45a18d7"},
    {url = "https://pypi.tuna.tsinghua.edu.cn/packages/d1/6f/b5e87428a5566563b6d661824c694bbc4b0386aed1c939b9aec47d9ee573/Pillow-9.3.0-cp311-cp311-manylinux_2_17_i686.manylinux2014_i686.whl", hash = "sha256:22b012ea2d065fd163ca096f4e37e47cd8b59cf4b0fd47bfca6abb93df70b34c"},
    {url = "https://pypi.tuna.tsinghua.edu.cn/packages/d4/0d/e8f6ed8e2328007020bb242a0443d925f23ee06d059486c5f1308f2a5e26/Pillow-9.3.0-cp311-cp311-win_amd64.whl", hash = "sha256:18498994b29e1cf86d505edcb7edbe814d133d2232d256db8c7a8ceb34d18cef"},
    {url = "https://pypi.tuna.tsinghua.edu.cn/packages/d5/31/b026f9f7c87adf8027f51f98f392f6558982485b7202af5f9276492b2141/Pillow-9.3.0-1-cp37-cp37m-win_amd64.whl", hash = "sha256:32a44128c4bdca7f31de5be641187367fe2a450ad83b833ef78910397db491aa"},
    {url = "https://pypi.tuna.tsinghua.edu.cn/packages/d5/79/191ea841f818aba4eb9783b9f91a3c16c51deff7326f5a2f47de54959a28/Pillow-9.3.0-pp37-pypy37_pp73-manylinux_2_17_i686.manylinux2014_i686.whl", hash = "sha256:dbb8e7f2abee51cef77673be97760abff1674ed32847ce04b4af90f610144c7b"},
    {url = "https://pypi.tuna.tsinghua.edu.cn/packages/d6/be/996d629efd03aa305472a17183fcdfe2dd8529acea767d0ba2242d90cbfa/Pillow-9.3.0-cp310-cp310-manylinux_2_28_x86_64.whl", hash = "sha256:801ec82e4188e935c7f5e22e006d01611d6b41661bba9fe45b60e7ac1a8f84de"},
    {url = "https://pypi.tuna.tsinghua.edu.cn/packages/db/b0/6438c96e80d4cad5b6381ba774018de9d8eae591d65bdfd80e3ad630928a/Pillow-9.3.0-cp39-cp39-manylinux_2_28_x86_64.whl", hash = "sha256:97aabc5c50312afa5e0a2b07c17d4ac5e865b250986f8afe2b02d772567a380c"},
    {url = "https://pypi.tuna.tsinghua.edu.cn/packages/dc/20/30e5ea4ecb35b36d9bc4ff4e8edc048e017a8e3d2e087a512b0622bfdde3/Pillow-9.3.0-cp311-cp311-win32.whl", hash = "sha256:3168434d303babf495d4ba58fc22d6604f6e2afb97adc6a423e917dab828939c"},
    {url = "https://pypi.tuna.tsinghua.edu.cn/packages/e0/59/74d88751801101259abd695f77c44b97a828b6a4e7981a79a75d2c3379ae/Pillow-9.3.0-cp311-cp311-manylinux_2_28_aarch64.whl", hash = "sha256:502526a2cbfa431d9fc2a079bdd9061a2397b842bb6bc4239bb176da00993812"},
    {url = "https://pypi.tuna.tsinghua.edu.cn/packages/ec/4f/bc65f543b4d774d6c888cb0936a8b91cf7c5fbb25e16f923e332822b279b/Pillow-9.3.0-cp37-cp37m-manylinux_2_17_i686.manylinux2014_i686.whl", hash = "sha256:b4012d06c846dc2b80651b120e2cdd787b013deb39c09f407727ba90015c684f"},
    {url = "https://pypi.tuna.tsinghua.edu.cn/packages/f1/e4/2f7e4efeb79ab0a2c5ecba320b2e5a3aad7a49cc543407f4c1268ed804bb/Pillow-9.3.0-pp38-pypy38_pp73-manylinux_2_28_x86_64.whl", hash = "sha256:0b07fffc13f474264c336298d1b4ce01d9c5a011415b79d4ee5527bb69ae6f65"},
    {url = "https://pypi.tuna.tsinghua.edu.cn/packages/f7/11/763c3992c3e6d00e9f6de81b0d721306757bb7201155d135a16032460943/Pillow-9.3.0-cp39-cp39-manylinux_2_28_aarch64.whl", hash = "sha256:ad58d27a5b0262c0c19b47d54c5802db9b34d38bbf886665b626aff83c74bacd"},
    {url = "https://pypi.tuna.tsinghua.edu.cn/packages/fc/12/32101461796addca02fd14dc4d2b76068a2cbf895002ed668550caf3fcc1/Pillow-9.3.0-cp310-cp310-manylinux_2_17_i686.manylinux2014_i686.whl", hash = "sha256:be55f8457cd1eac957af0c3f5ece7bc3f033f89b114ef30f710882717670b2a8"},
]
"pyee 9.0.4" = [
    {url = "https://pypi.tuna.tsinghua.edu.cn/packages/99/d0/32803671d5d9dc032c766ad6c0716db98fa9b2c6ad9ec544f04849e9d3c7/pyee-9.0.4.tar.gz", hash = "sha256:2770c4928abc721f46b705e6a72b0c59480c4a69c9a83ca0b00bb994f1ea4b32"},
    {url = "https://pypi.tuna.tsinghua.edu.cn/packages/c7/54/10695d113f03688d79d24bbd7eca30b0e386cbc6d2743ffb68dcae131bf6/pyee-9.0.4-py2.py3-none-any.whl", hash = "sha256:9f066570130c554e9cc12de5a9d86f57c7ee47fece163bbdaa3e9c933cfbdfa5"},
]
"pyperclip 1.8.2" = [
    {url = "https://pypi.tuna.tsinghua.edu.cn/packages/a7/2c/4c64579f847bd5d539803c8b909e54ba087a79d01bb3aba433a95879a6c5/pyperclip-1.8.2.tar.gz", hash = "sha256:105254a8b04934f0bc84e9c24eb360a591aaf6535c9def5f29d92af107a9bf57"},
]
"qrcode 7.3.1" = [
    {url = "https://pypi.tuna.tsinghua.edu.cn/packages/94/9f/31f33cdf3cf8f98e64c42582fb82f39ca718264df61957f28b0bbb09b134/qrcode-7.3.1.tar.gz", hash = "sha256:375a6ff240ca9bd41adc070428b5dfc1dcfbb0f2507f1ac848f6cded38956578"},
]
"repath 0.9.0" = [
    {url = "https://pypi.tuna.tsinghua.edu.cn/packages/65/e1/824989291d0f01886074fdf9504ba54598f5665bc4dd373b589b87e76608/repath-0.9.0.tar.gz", hash = "sha256:8292139bac6a0e43fd9d70605d4e8daeb25d46672e484ed31a24c7ce0aef0fb7"},
    {url = "https://pypi.tuna.tsinghua.edu.cn/packages/87/ed/92e9b8a3ffc562f21df14ef2538f54e911df29730e1f0d79130a4edc86e7/repath-0.9.0-py3-none-any.whl", hash = "sha256:ee079d6c91faeb843274d22d8f786094ee01316ecfe293a1eb6546312bb6a318"},
]
"requests 2.28.1" = [
    {url = "https://pypi.tuna.tsinghua.edu.cn/packages/a5/61/a867851fd5ab77277495a8709ddda0861b28163c4613b011bc00228cc724/requests-2.28.1.tar.gz", hash = "sha256:7c5599b102feddaa661c826c56ab4fee28bfd17f5abca1ebbe3e7f19d7c97983"},
    {url = "https://pypi.tuna.tsinghua.edu.cn/packages/ca/91/6d9b8ccacd0412c08820f72cebaa4f0c0441b5cda699c90f618b6f8a1b42/requests-2.28.1-py3-none-any.whl", hash = "sha256:8fefa2a1a1365bf5520aac41836fbee479da67864514bdb821f31ce07ce65349"},
]
"setuptools 65.6.3" = [
    {url = "https://pypi.tuna.tsinghua.edu.cn/packages/b6/21/cb9a8d0b2c8597c83fce8e9c02884bce3d4951e41e807fc35791c6b23d9a/setuptools-65.6.3.tar.gz", hash = "sha256:a7620757bf984b58deaf32fc8a4577a9bbc0850cf92c20e1ce41c38c19e5fb75"},
    {url = "https://pypi.tuna.tsinghua.edu.cn/packages/ef/e3/29d6e1a07e8d90ace4a522d9689d03e833b67b50d1588e693eec15f26251/setuptools-65.6.3-py3-none-any.whl", hash = "sha256:57f6f22bde4e042978bcd50176fdb381d7c21a9efa4041202288d3737a0c6a54"},
]
"six 1.16.0" = [
    {url = "https://pypi.tuna.tsinghua.edu.cn/packages/71/39/171f1c67cd00715f190ba0b100d606d440a28c93c7714febeca8b79af85e/six-1.16.0.tar.gz", hash = "sha256:1e61c37477a1626458e36f7b1d82aa5c9b094fa4802892072e49de9c60c4c926"},
    {url = "https://pypi.tuna.tsinghua.edu.cn/packages/d9/5a/e7c31adbe875f2abbb91bd84cf2dc52d792b5a01506781dbcf25c91daf11/six-1.16.0-py2.py3-none-any.whl", hash = "sha256:8abb2f1d86890a2dfb989f9a77cfcfd3e47c2a354b01111771326f8aa26e0254"},
]
"typing-extensions 4.4.0" = [
    {url = "https://pypi.tuna.tsinghua.edu.cn/packages/0b/8e/f1a0a5a76cfef77e1eb6004cb49e5f8d72634da638420b9ea492ce8305e8/typing_extensions-4.4.0-py3-none-any.whl", hash = "sha256:16fa4864408f655d35ec496218b85f79b3437c829e93320c7c9215ccfd92489e"},
    {url = "https://pypi.tuna.tsinghua.edu.cn/packages/e3/a7/8f4e456ef0adac43f452efc2d0e4b242ab831297f1bac60ac815d37eb9cf/typing_extensions-4.4.0.tar.gz", hash = "sha256:1511434bb92bf8dd198c12b1cc812e800d4181cfcb867674e0f8279cc93087aa"},
]
"urllib3 1.26.13" = [
    {url = "https://pypi.tuna.tsinghua.edu.cn/packages/65/0c/cc6644eaa594585e5875f46f3c83ee8762b647b51fc5b0fb253a242df2dc/urllib3-1.26.13-py2.py3-none-any.whl", hash = "sha256:47cc05d99aaa09c9e72ed5809b60e7ba354e64b59c9c173ac3018642d8bb41fc"},
    {url = "https://pypi.tuna.tsinghua.edu.cn/packages/c2/51/32da03cf19d17d46cce5c731967bf58de9bd71db3a379932f53b094deda4/urllib3-1.26.13.tar.gz", hash = "sha256:c083dd0dce68dbfbe1129d5271cb90f9447dea7d52097c6e0126120c521ddea8"},
]
"watchdog 2.2.0" = [
    {url = "https://pypi.tuna.tsinghua.edu.cn/packages/0b/0f/f7f8adbc21791e07a2fd720cc691eea5fbae77b72f924a25d09d32a2da32/watchdog-2.2.0-cp311-cp311-macosx_11_0_arm64.whl", hash = "sha256:9e99c1713e4436d2563f5828c8910e5ff25abd6ce999e75f15c15d81d41980b6"},
    {url = "https://pypi.tuna.tsinghua.edu.cn/packages/1c/8d/2d2aa5d0eec53b8c9fb61fa9ec4be5cf276fc3a3ef2beda864dd9e225b2c/watchdog-2.2.0-py3-none-manylinux2014_i686.whl", hash = "sha256:56fb3f40fc3deecf6e518303c7533f5e2a722e377b12507f6de891583f1b48aa"},
    {url = "https://pypi.tuna.tsinghua.edu.cn/packages/1d/a4/af3e5ed9a9b629c226512dec793988d7d0cf776c37fc3fedc0449fc5b166/watchdog-2.2.0-cp310-cp310-macosx_10_9_x86_64.whl", hash = "sha256:76a2743402b794629a955d96ea2e240bd0e903aa26e02e93cd2d57b33900962b"},
    {url = "https://pypi.tuna.tsinghua.edu.cn/packages/2c/51/11ac88ac29a223f9f870d178ad7ebe3928e229e466a526e4a8ffedf20c7a/watchdog-2.2.0-cp39-cp39-macosx_11_0_arm64.whl", hash = "sha256:1a410dd4d0adcc86b4c71d1317ba2ea2c92babaf5b83321e4bde2514525544d5"},
    {url = "https://pypi.tuna.tsinghua.edu.cn/packages/39/79/f29375b3dfff1153c2262e0cd0df8caaa19c6cf2e94b633dd339ae49f906/watchdog-2.2.0-py3-none-manylinux2014_ppc64le.whl", hash = "sha256:cf05e6ff677b9655c6e9511d02e9cc55e730c4e430b7a54af9c28912294605a4"},
    {url = "https://pypi.tuna.tsinghua.edu.cn/packages/46/dd/2a358b44dda9833e1971d9f73a26fd1c6930e57c7a0b3aa34274149dca15/watchdog-2.2.0-cp311-cp311-macosx_10_9_universal2.whl", hash = "sha256:ceaa9268d81205876bedb1069f9feab3eccddd4b90d9a45d06a0df592a04cae9"},
    {url = "https://pypi.tuna.tsinghua.edu.cn/packages/55/64/fb5d54c1f81ee104070bc5ef058445fae02d2e663fff6b56c5e1fb2e8263/watchdog-2.2.0-cp39-cp39-macosx_10_9_universal2.whl", hash = "sha256:1f2b0665c57358ce9786f06f5475bc083fea9d81ecc0efa4733fd0c320940a37"},
    {url = "https://pypi.tuna.tsinghua.edu.cn/packages/5b/ee/ca842b657290958a7269b676dcb034ea6054eedcad3cceabaf446950572c/watchdog-2.2.0-py3-none-manylinux2014_x86_64.whl", hash = "sha256:e5aed2a700a18c194c39c266900d41f3db0c1ebe6b8a0834b9995c835d2ca66e"},
    {url = "https://pypi.tuna.tsinghua.edu.cn/packages/64/57/859f272af2a28f23b0425d4bd2d536ae5af68b23771791598f1b5c236ce1/watchdog-2.2.0-pp38-pypy38_pp73-macosx_10_9_x86_64.whl", hash = "sha256:2ac0bd7c206bb6df78ef9e8ad27cc1346f2b41b1fef610395607319cdab89bc1"},
    {url = "https://pypi.tuna.tsinghua.edu.cn/packages/6a/06/80b9c512fc42b6af1610b49f8e6c24c594332a68dabe59326282b7201bb3/watchdog-2.2.0-py3-none-win32.whl", hash = "sha256:d0fb5f2b513556c2abb578c1066f5f467d729f2eb689bc2db0739daf81c6bb7e"},
    {url = "https://pypi.tuna.tsinghua.edu.cn/packages/72/f7/8d42a58f6b92a46ee2e532713ab00a9fa3e731306db5b1e1a4c4cc75b4f2/watchdog-2.2.0-cp38-cp38-macosx_11_0_arm64.whl", hash = "sha256:619d63fa5be69f89ff3a93e165e602c08ed8da402ca42b99cd59a8ec115673e1"},
    {url = "https://pypi.tuna.tsinghua.edu.cn/packages/85/9f/eea2d84099b78c3f0c6d67704ac685dc40e5ce061f411f8f793c9f5152a2/watchdog-2.2.0-py3-none-manylinux2014_s390x.whl", hash = "sha256:d6ae890798a3560688b441ef086bb66e87af6b400a92749a18b856a134fc0318"},
    {url = "https://pypi.tuna.tsinghua.edu.cn/packages/8a/4d/30191a27b50266f5c7f463c3bad02b37b022ba241d829f6ab01b550aa53f/watchdog-2.2.0-cp38-cp38-macosx_10_9_universal2.whl", hash = "sha256:e722755d995035dd32177a9c633d158f2ec604f2a358b545bba5bed53ab25bca"},
    {url = "https://pypi.tuna.tsinghua.edu.cn/packages/8e/b2/b7d908c7fa99128a35ed92a1f45d230fff9140f32777b987f252ca2cc90f/watchdog-2.2.0-py3-none-manylinux2014_ppc64.whl", hash = "sha256:74535e955359d79d126885e642d3683616e6d9ab3aae0e7dcccd043bd5a3ff4f"},
    {url = "https://pypi.tuna.tsinghua.edu.cn/packages/a0/40/86d44031c1058d89fbf1436ea084b03b774c8f43bd5e5fbadd2378a26c6a/watchdog-2.2.0-cp36-cp36m-macosx_10_9_x86_64.whl", hash = "sha256:a5bd9e8656d07cae89ac464ee4bcb6f1b9cecbedc3bf1334683bed3d5afd39ba"},
    {url = "https://pypi.tuna.tsinghua.edu.cn/packages/a5/59/cd7c5ca92223be5e3183ab56688c7400908b0296d8881dfbcf5e129231c3/watchdog-2.2.0-py3-none-win_ia64.whl", hash = "sha256:ad0150536469fa4b693531e497ffe220d5b6cd76ad2eda474a5e641ee204bbb6"},
    {url = "https://pypi.tuna.tsinghua.edu.cn/packages/af/eb/4b168ee290d9bf6dd0faf547e93e580a8c062be6259e881b98077004fd8d/watchdog-2.2.0-cp310-cp310-macosx_10_9_universal2.whl", hash = "sha256:ed91c3ccfc23398e7aa9715abf679d5c163394b8cad994f34f156d57a7c163dc"},
    {url = "https://pypi.tuna.tsinghua.edu.cn/packages/b2/9c/58a003c1031cfb83c15f8ee90e2e3ec0cf7b865bb1347a8a1d3ceffbdd2b/watchdog-2.2.0-cp310-cp310-macosx_11_0_arm64.whl", hash = "sha256:920a4bda7daa47545c3201a3292e99300ba81ca26b7569575bd086c865889090"},
    {url = "https://pypi.tuna.tsinghua.edu.cn/packages/c3/fb/bd960970258366b0704307ccd12617d64201407bfb6d31ae412d2762ccf1/watchdog-2.2.0.tar.gz", hash = "sha256:83cf8bc60d9c613b66a4c018051873d6273d9e45d040eed06d6a96241bd8ec01"},
    {url = "https://pypi.tuna.tsinghua.edu.cn/packages/ce/3d/12640810648f3cd02aecb2d9e471ef8407c68c005ca0269958340472745a/watchdog-2.2.0-pp37-pypy37_pp73-macosx_10_9_x86_64.whl", hash = "sha256:28704c71afdb79c3f215c90231e41c52b056ea880b6be6cee035c6149d658ed1"},
    {url = "https://pypi.tuna.tsinghua.edu.cn/packages/dd/c6/a64da09fbbdb7f97fc23fb66fbdfaeed9fe79c90bb168373b7927223580d/watchdog-2.2.0-cp38-cp38-macosx_10_9_x86_64.whl", hash = "sha256:af4b5c7ba60206759a1d99811b5938ca666ea9562a1052b410637bb96ff97512"},
    {url = "https://pypi.tuna.tsinghua.edu.cn/packages/de/e5/eeaead3f742debd29f1a2b5dcacb0267ec10e1e66e6977e6f7f493df4213/watchdog-2.2.0-pp39-pypy39_pp73-macosx_10_9_x86_64.whl", hash = "sha256:27e49268735b3c27310883012ab3bd86ea0a96dcab90fe3feb682472e30c90f3"},
    {url = "https://pypi.tuna.tsinghua.edu.cn/packages/e0/7b/4e7b4a46a2ef8941ff35c26f6fbf747bb5d72463b99ea42c0b6cf93bf80b/watchdog-2.2.0-cp311-cp311-macosx_10_9_x86_64.whl", hash = "sha256:1893d425ef4fb4f129ee8ef72226836619c2950dd0559bba022b0818c63a7b60"},
    {url = "https://pypi.tuna.tsinghua.edu.cn/packages/e1/0a/711e012cbce6320ec1c672618fd41b3bc8873d899c934f209f9bc1934b5c/watchdog-2.2.0-py3-none-manylinux2014_aarch64.whl", hash = "sha256:2af1a29fd14fc0a87fb6ed762d3e1ae5694dcde22372eebba50e9e5be47af03c"},
    {url = "https://pypi.tuna.tsinghua.edu.cn/packages/e6/cf/a0764f6af204e26919d424279962ebc14070676e6f8c3a68b67d32e4e467/watchdog-2.2.0-cp39-cp39-macosx_10_9_x86_64.whl", hash = "sha256:441024df19253bb108d3a8a5de7a186003d68564084576fecf7333a441271ef7"},
    {url = "https://pypi.tuna.tsinghua.edu.cn/packages/e7/c0/ef9bf0f0930c20d2fa74b8610da22ce4c0222e6b0c6d9fe88b8814211f9e/watchdog-2.2.0-py3-none-manylinux2014_armv7l.whl", hash = "sha256:c7bd98813d34bfa9b464cf8122e7d4bec0a5a427399094d2c17dd5f70d59bc61"},
    {url = "https://pypi.tuna.tsinghua.edu.cn/packages/f5/b1/a359b500f147894b0c34cf240245f4fe404c4b6893691eecb74957709ab6/watchdog-2.2.0-cp37-cp37m-macosx_10_9_x86_64.whl", hash = "sha256:3a048865c828389cb06c0bebf8a883cec3ae58ad3e366bcc38c61d8455a3138f"},
    {url = "https://pypi.tuna.tsinghua.edu.cn/packages/fc/44/547f1daf83b6cfa353ba9e66ca9fa45f6f16d28989320d02ad64b0c07195/watchdog-2.2.0-py3-none-win_amd64.whl", hash = "sha256:1f8eca9d294a4f194ce9df0d97d19b5598f310950d3ac3dd6e8d25ae456d4c8a"},
]
"websocket-client 1.4.2" = [
    {url = "https://pypi.tuna.tsinghua.edu.cn/packages/75/af/1d13b93e7a21aca7f8ab8645fcfcfad21fc39716dc9dce5dc2a97f73ff78/websocket-client-1.4.2.tar.gz", hash = "sha256:d6e8f90ca8e2dd4e8027c4561adeb9456b54044312dba655e7cae652ceb9ae59"},
    {url = "https://pypi.tuna.tsinghua.edu.cn/packages/78/d5/2b5719b738791cd798e8f097eba4bb093ff5efca5cef2f3d37a72daa111f/websocket_client-1.4.2-py3-none-any.whl", hash = "sha256:d6b06432f184438d99ac1f456eaf22fe1ade524c3dd16e661142dc54e9cba574"},
]
"wheel 0.38.4" = [
    {url = "https://pypi.tuna.tsinghua.edu.cn/packages/a2/b8/6a06ff0f13a00fc3c3e7d222a995526cbca26c1ad107691b6b1badbbabf1/wheel-0.38.4.tar.gz", hash = "sha256:965f5259b566725405b05e7cf774052044b1ed30119b5d586b2703aafe8719ac"},
    {url = "https://pypi.tuna.tsinghua.edu.cn/packages/bd/7c/d38a0b30ce22fc26ed7dbc087c6d00851fb3395e9d0dac40bec1f905030c/wheel-0.38.4-py3-none-any.whl", hash = "sha256:b60533f3f5d530e971d6737ca6d58681ee434818fab630c83a734bb10c083ce8"},
]
"win32-setctime 1.1.0" = [
    {url = "https://pypi.tuna.tsinghua.edu.cn/packages/0a/e6/a7d828fef907843b2a5773ebff47fb79ac0c1c88d60c0ca9530ee941e248/win32_setctime-1.1.0-py3-none-any.whl", hash = "sha256:231db239e959c2fe7eb1d7dc129f11172354f98361c4fa2d6d2d7e278baa8aad"},
    {url = "https://pypi.tuna.tsinghua.edu.cn/packages/6b/dd/f95a13d2b235a28d613ba23ebad55191514550debb968b46aab99f2e3a30/win32_setctime-1.1.0.tar.gz", hash = "sha256:15cf5750465118d6929ae4de4eb46e8edae9a5634350c01ba582df868e932cb2"},
]
